
Microsoft Visual Studio Solution File, Format Version 12.00
# Visual Studio Version 17
VisualStudioVersion = 17.2.32616.157
MinimumVisualStudioVersion = 10.0.40219.1
Project("{FAE04EC0-301F-11D3-BF4B-00C04F79EFBC}") = "LinkedList", "LinkedList\LinkedList.csproj", "{A1AD1681-7E2C-4255-9544-AE132A186517}"
EndProject
Global
	GlobalSection(SolutionConfigurationPlatforms) = preSolution
		Debug|Any CPU = Debug|Any CPU
		Release|Any CPU = Release|Any CPU
	EndGlobalSection
	GlobalSection(ProjectConfigurationPlatforms) = postSolution
		{A1AD1681-7E2C-4255-9544-AE132A186517}.Debug|Any CPU.ActiveCfg = Debug|Any CPU
		{A1AD1681-7E2C-4255-9544-AE132A186517}.Debug|Any CPU.Build.0 = Debug|Any CPU
		{A1AD1681-7E2C-4255-9544-AE132A186517}.Release|Any CPU.ActiveCfg = Release|Any CPU
		{A1AD1681-7E2C-4255-9544-AE132A186517}.Release|Any CPU.Build.0 = Release|Any CPU
	EndGlobalSection
	GlobalSection(SolutionProperties) = preSolution
		HideSolutionNode = FALSE
	EndGlobalSection
	GlobalSection(ExtensibilityGlobals) = postSolution
		SolutionGuid = {8A87A9B6-84DD-464D-898D-5F7BC4CDDEA1}
	EndGlobalSection
EndGlobal
